
Microsoft Visual Studio Solution File, Format Version 12.00
# Visual Studio 14
VisualStudioVersion = 14.0.25123.0
MinimumVisualStudioVersion = 10.0.40219.1
Project("{FAE04EC0-301F-11D3-BF4B-00C04F79EFBC}") = "WebDriverAutomationFramework", "WebDriverAutomationFramework\WebDriverAutomationFramework.csproj", "{D4D966D2-A0AD-45A8-A97C-817113C8078A}"
EndProject
Project("{FAE04EC0-301F-11D3-BF4B-00C04F79EFBC}") = "WebDriverFramworkTests", "WebDriverFramworkTests\WebDriverFramworkTests.csproj", "{44C7D771-E7D5-4AAA-8BA3-9454EC9C4CB6}"
EndProject
Global
	GlobalSection(SolutionConfigurationPlatforms) = preSolution
		Debug|Any CPU = Debug|Any CPU
		Release|Any CPU = Release|Any CPU
	EndGlobalSection
	GlobalSection(ProjectConfigurationPlatforms) = postSolution
		{D4D966D2-A0AD-45A8-A97C-817113C8078A}.Debug|Any CPU.ActiveCfg = Debug|Any CPU
		{D4D966D2-A0AD-45A8-A97C-817113C8078A}.Debug|Any CPU.Build.0 = Debug|Any CPU
		{D4D966D2-A0AD-45A8-A97C-817113C8078A}.Release|Any CPU.ActiveCfg = Release|Any CPU
		{D4D966D2-A0AD-45A8-A97C-817113C8078A}.Release|Any CPU.Build.0 = Release|Any CPU
		{44C7D771-E7D5-4AAA-8BA3-9454EC9C4CB6}.Debug|Any CPU.ActiveCfg = Debug|Any CPU
		{44C7D771-E7D5-4AAA-8BA3-9454EC9C4CB6}.Debug|Any CPU.Build.0 = Debug|Any CPU
		{44C7D771-E7D5-4AAA-8BA3-9454EC9C4CB6}.Release|Any CPU.ActiveCfg = Release|Any CPU
		{44C7D771-E7D5-4AAA-8BA3-9454EC9C4CB6}.Release|Any CPU.Build.0 = Release|Any CPU
	EndGlobalSection
	GlobalSection(SolutionProperties) = preSolution
		HideSolutionNode = FALSE
	EndGlobalSection
EndGlobal
